github.com/google/uuid v1.1.2 h1:EVhdT+1Kseyi1/pUmXKaFxYsDNy9RQYkMWRH68J/W7Y=
github.com/google/uuid v1.1.2/go.mod h1:TIyPZe4MgqvfeYDBFedMoGGpEw/LqOeaOT+nhxU+yHo=
github.com/lthibault/jitterbug v2.0.0+incompatible h1:qouq51IKzlMx25+15jbxhC/d79YyTj0q6XFoptNqaUw=
github.com/lthibault/jitterbug v2.0.0+incompatible/go.mod h1:2l7akWd27PScEs6YkjyUVj/8hKgNhbbQ3KiJgJtlf6o=
